
Microsoft Visual Studio Solution File, Format Version 12.00
# Visual Studio Version 16
VisualStudioVersion = 16.0.30907.101
MinimumVisualStudioVersion = 10.0.40219.1
Project("{FAE04EC0-301F-11D3-BF4B-00C04F79EFBC}") = "CalendarFireBrigade", "CalendarFireBrigade.csproj", "{5B874077-D5DF-45CE-95BC-4F4D3BFFAA10}"
EndProject
Global
	GlobalSection(SolutionConfigurationPlatforms) = preSolution
		Debug|Any CPU = Debug|Any CPU
		Release|Any CPU = Release|Any CPU
	EndGlobalSection
	GlobalSection(ProjectConfigurationPlatforms) = postSolution
		{5B874077-D5DF-45CE-95BC-4F4D3BFFAA10}.Debug|Any CPU.ActiveCfg = Debug|Any CPU
		{5B874077-D5DF-45CE-95BC-4F4D3BFFAA10}.Debug|Any CPU.Build.0 = Debug|Any CPU
		{5B874077-D5DF-45CE-95BC-4F4D3BFFAA10}.Release|Any CPU.ActiveCfg = Release|Any CPU
		{5B874077-D5DF-45CE-95BC-4F4D3BFFAA10}.Release|Any CPU.Build.0 = Release|Any CPU
	EndGlobalSection
	GlobalSection(SolutionProperties) = preSolution
		HideSolutionNode = FALSE
	EndGlobalSection
	GlobalSection(ExtensibilityGlobals) = postSolution
		SolutionGuid = {ABA7F912-5457-4C94-ABD7-220CC9120F95}
	EndGlobalSection
EndGlobal
